
Microsoft Visual Studio Solution File, Format Version 12.00
# Visual Studio Version 16
VisualStudioVersion = 16.0.31624.102
MinimumVisualStudioVersion = 10.0.40219.1
Project("{9A19103F-16F7-4668-BE54-9A1E7A4F7556}") = "FreeGamesConsole", "FreeGamesConsole\FreeGamesConsole.csproj", "{D68E3D6A-7991-466B-96A8-4DCC504F08AD}"
EndProject
Project("{FAE04EC0-301F-11D3-BF4B-00C04F79EFBC}") = "FreeGamesAPI", "FreeGamesAPI\FreeGamesAPI.csproj", "{3C18FD82-6E37-4C2C-ACDE-88BC0B0B3883}"
EndProject
Global
	GlobalSection(SolutionConfigurationPlatforms) = preSolution
		Debug|Any CPU = Debug|Any CPU
		Release|Any CPU = Release|Any CPU
	EndGlobalSection
	GlobalSection(ProjectConfigurationPlatforms) = postSolution
		{D68E3D6A-7991-466B-96A8-4DCC504F08AD}.Debug|Any CPU.ActiveCfg = Debug|Any CPU
		{D68E3D6A-7991-466B-96A8-4DCC504F08AD}.Debug|Any CPU.Build.0 = Debug|Any CPU
		{D68E3D6A-7991-466B-96A8-4DCC504F08AD}.Release|Any CPU.ActiveCfg = Release|Any CPU
		{D68E3D6A-7991-466B-96A8-4DCC504F08AD}.Release|Any CPU.Build.0 = Release|Any CPU
		{3C18FD82-6E37-4C2C-ACDE-88BC0B0B3883}.Debug|Any CPU.ActiveCfg = Debug|Any CPU
		{3C18FD82-6E37-4C2C-ACDE-88BC0B0B3883}.Debug|Any CPU.Build.0 = Debug|Any CPU
		{3C18FD82-6E37-4C2C-ACDE-88BC0B0B3883}.Release|Any CPU.ActiveCfg = Release|Any CPU
		{3C18FD82-6E37-4C2C-ACDE-88BC0B0B3883}.Release|Any CPU.Build.0 = Release|Any CPU
	EndGlobalSection
	GlobalSection(SolutionProperties) = preSolution
		HideSolutionNode = FALSE
	EndGlobalSection
	GlobalSection(ExtensibilityGlobals) = postSolution
		SolutionGuid = {B15CF693-734A-4DA9-B005-DD6914D22F4F}
	EndGlobalSection
EndGlobal
