
Microsoft Visual Studio Solution File, Format Version 12.00
# Visual Studio Version 17
VisualStudioVersion = 17.1.32328.378
MinimumVisualStudioVersion = 10.0.40219.1
Project("{9A19103F-16F7-4668-BE54-9A1E7A4F7556}") = "FreeGames.Api", "FreeGames.Api\FreeGames.Api.csproj", "{E73770B5-7F7B-4350-8EC1-0960BAC8B75A}"
EndProject
Global
	GlobalSection(SolutionConfigurationPlatforms) = preSolution
		Debug|Any CPU = Debug|Any CPU
		Release|Any CPU = Release|Any CPU
	EndGlobalSection
	GlobalSection(ProjectConfigurationPlatforms) = postSolution
		{E73770B5-7F7B-4350-8EC1-0960BAC8B75A}.Debug|Any CPU.ActiveCfg = Debug|Any CPU
		{E73770B5-7F7B-4350-8EC1-0960BAC8B75A}.Debug|Any CPU.Build.0 = Debug|Any CPU
		{E73770B5-7F7B-4350-8EC1-0960BAC8B75A}.Release|Any CPU.ActiveCfg = Release|Any CPU
		{E73770B5-7F7B-4350-8EC1-0960BAC8B75A}.Release|Any CPU.Build.0 = Release|Any CPU
	EndGlobalSection
	GlobalSection(SolutionProperties) = preSolution
		HideSolutionNode = FALSE
	EndGlobalSection
	GlobalSection(ExtensibilityGlobals) = postSolution
		SolutionGuid = {B15CF693-734A-4DA9-B005-DD6914D22F4F}
	EndGlobalSection
EndGlobal
